
Microsoft Visual Studio Solution File, Format Version 12.00
# Visual Studio Version 17
VisualStudioVersion = 17.0.32014.148
MinimumVisualStudioVersion = 10.0.40219.1
Project("{FAE04EC0-301F-11D3-BF4B-00C04F79EFBC}") = "SredniaOcen.UWP", "SredniaOcen.UWP\SredniaOcen.UWP.csproj", "{F7AF08C9-CB8D-4E50-8AEF-FADD551EA049}"
EndProject
Project("{FAE04EC0-301F-11D3-BF4B-00C04F79EFBC}") = "SredniaOcen.Android", "SredniaOcen.Android\SredniaOcen.Android.csproj", "{E6F830D4-176F-4607-A926-0C83C6D2BB6F}"
EndProject
Project("{FAE04EC0-301F-11D3-BF4B-00C04F79EFBC}") = "SredniaOcen.iOS", "SredniaOcen.iOS\SredniaOcen.iOS.csproj", "{0CF9A888-C396-4A89-B331-60B43CBBBE05}"
EndProject
Project("{FAE04EC0-301F-11D3-BF4B-00C04F79EFBC}") = "SredniaOcen", "SredniaOcen\SredniaOcen.csproj", "{52378224-D271-4BD5-A2A2-CCD0FB51FEAE}"
EndProject
Global
	GlobalSection(SolutionConfigurationPlatforms) = preSolution
		Debug|Any CPU = Debug|Any CPU
		Debug|ARM = Debug|ARM
		Debug|iPhone = Debug|iPhone
		Debug|iPhoneSimulator = Debug|iPhoneSimulator
		Debug|x64 = Debug|x64
		Debug|x86 = Debug|x86
		Release|Any CPU = Release|Any CPU
		Release|ARM = Release|ARM
		Release|iPhone = Release|iPhone
		Release|iPhoneSimulator = Release|iPhoneSimulator
		Release|x64 = Release|x64
		Release|x86 = Release|x86
	EndGlobalSection
	GlobalSection(ProjectConfigurationPlatforms) = postSolution
		{F7AF08C9-CB8D-4E50-8AEF-FADD551EA049}.Debug|Any CPU.ActiveCfg = Debug|x64
		{F7AF08C9-CB8D-4E50-8AEF-FADD551EA049}.Debug|Any CPU.Build.0 = Debug|x64
		{F7AF08C9-CB8D-4E50-8AEF-FADD551EA049}.Debug|Any CPU.Deploy.0 = Debug|x64
		{F7AF08C9-CB8D-4E50-8AEF-FADD551EA049}.Debug|ARM.ActiveCfg = Debug|ARM
		{F7AF08C9-CB8D-4E50-8AEF-FADD551EA049}.Debug|ARM.Build.0 = Debug|ARM
		{F7AF08C9-CB8D-4E50-8AEF-FADD551EA049}.Debug|ARM.Deploy.0 = Debug|ARM
		{F7AF08C9-CB8D-4E50-8AEF-FADD551EA049}.Debug|iPhone.ActiveCfg = Debug|x64
		{F7AF08C9-CB8D-4E50-8AEF-FADD551EA049}.Debug|iPhone.Build.0 = Debug|x64
		{F7AF08C9-CB8D-4E50-8AEF-FADD551EA049}.Debug|iPhone.Deploy.0 = Debug|x64
		{F7AF08C9-CB8D-4E50-8AEF-FADD551EA049}.Debug|iPhoneSimulator.ActiveCfg = Debug|x64
		{F7AF08C9-CB8D-4E50-8AEF-FADD551EA049}.Debug|iPhoneSimulator.Build.0 = Debug|x64
		{F7AF08C9-CB8D-4E50-8AEF-FADD551EA049}.Debug|iPhoneSimulator.Deploy.0 = Debug|x64
		{F7AF08C9-CB8D-4E50-8AEF-FADD551EA049}.Debug|x64.ActiveCfg = Debug|x64
		{F7AF08C9-CB8D-4E50-8AEF-FADD551EA049}.Debug|x64.Build.0 = Debug|x64
		{F7AF08C9-CB8D-4E50-8AEF-FADD551EA049}.Debug|x64.Deploy.0 = Debug|x64
		{F7AF08C9-CB8D-4E50-8AEF-FADD551EA049}.Debug|x86.ActiveCfg = Debug|x86
		{F7AF08C9-CB8D-4E50-8AEF-FADD551EA049}.Debug|x86.Build.0 = Debug|x86
		{F7AF08C9-CB8D-4E50-8AEF-FADD551EA049}.Debug|x86.Deploy.0 = Debug|x86
		{F7AF08C9-CB8D-4E50-8AEF-FADD551EA049}.Release|Any CPU.ActiveCfg = Release|x64
		{F7AF08C9-CB8D-4E50-8AEF-FADD551EA049}.Release|Any CPU.Build.0 = Release|x64
		{F7AF08C9-CB8D-4E50-8AEF-FADD551EA049}.Release|Any CPU.Deploy.0 = Release|x64
		{F7AF08C9-CB8D-4E50-8AEF-FADD551EA049}.Release|ARM.ActiveCfg = Release|ARM
		{F7AF08C9-CB8D-4E50-8AEF-FADD551EA049}.Release|ARM.Build.0 = Release|ARM
		{F7AF08C9-CB8D-4E50-8AEF-FADD551EA049}.Release|ARM.Deploy.0 = Release|ARM
		{F7AF08C9-CB8D-4E50-8AEF-FADD551EA049}.Release|iPhone.ActiveCfg = Release|x64
		{F7AF08C9-CB8D-4E50-8AEF-FADD551EA049}.Release|iPhone.Build.0 = Release|x64
		{F7AF08C9-CB8D-4E50-8AEF-FADD551EA049}.Release|iPhone.Deploy.0 = Release|x64
		{F7AF08C9-CB8D-4E50-8AEF-FADD551EA049}.Release|iPhoneSimulator.ActiveCfg = Release|x64
		{F7AF08C9-CB8D-4E50-8AEF-FADD551EA049}.Release|iPhoneSimulator.Build.0 = Release|x64
		{F7AF08C9-CB8D-4E50-8AEF-FADD551EA049}.Release|iPhoneSimulator.Deploy.0 = Release|x64
		{F7AF08C9-CB8D-4E50-8AEF-FADD551EA049}.Release|x64.ActiveCfg = Release|x64
		{F7AF08C9-CB8D-4E50-8AEF-FADD551EA049}.Release|x64.Build.0 = Release|x64
		{F7AF08C9-CB8D-4E50-8AEF-FADD551EA049}.Release|x64.Deploy.0 = Release|x64
		{F7AF08C9-CB8D-4E50-8AEF-FADD551EA049}.Release|x86.ActiveCfg = Release|x86
		{F7AF08C9-CB8D-4E50-8AEF-FADD551EA049}.Release|x86.Build.0 = Release|x86
		{F7AF08C9-CB8D-4E50-8AEF-FADD551EA049}.Release|x86.Deploy.0 = Release|x86
		{E6F830D4-176F-4607-A926-0C83C6D2BB6F}.Debug|Any CPU.ActiveCfg = Debug|Any CPU
		{E6F830D4-176F-4607-A926-0C83C6D2BB6F}.Debug|Any CPU.Build.0 = Debug|Any CPU
		{E6F830D4-176F-4607-A926-0C83C6D2BB6F}.Debug|Any CPU.Deploy.0 = Debug|Any CPU
		{E6F830D4-176F-4607-A926-0C83C6D2BB6F}.Debug|ARM.ActiveCfg = Debug|Any CPU
		{E6F830D4-176F-4607-A926-0C83C6D2BB6F}.Debug|ARM.Build.0 = Debug|Any CPU
		{E6F830D4-176F-4607-A926-0C83C6D2BB6F}.Debug|ARM.Deploy.0 = Debug|Any CPU
		{E6F830D4-176F-4607-A926-0C83C6D2BB6F}.Debug|iPhone.ActiveCfg = Debug|Any CPU
		{E6F830D4-176F-4607-A926-0C83C6D2BB6F}.Debug|iPhone.Build.0 = Debug|Any CPU
		{E6F830D4-176F-4607-A926-0C83C6D2BB6F}.Debug|iPhone.Deploy.0 = Debug|Any CPU
		{E6F830D4-176F-4607-A926-0C83C6D2BB6F}.Debug|iPhoneSimulator.ActiveCfg = Debug|Any CPU
		{E6F830D4-176F-4607-A926-0C83C6D2BB6F}.Debug|iPhoneSimulator.Build.0 = Debug|Any CPU
		{E6F830D4-176F-4607-A926-0C83C6D2BB6F}.Debug|iPhoneSimulator.Deploy.0 = Debug|Any CPU
		{E6F830D4-176F-4607-A926-0C83C6D2BB6F}.Debug|x64.ActiveCfg = Debug|Any CPU
		{E6F830D4-176F-4607-A926-0C83C6D2BB6F}.Debug|x64.Build.0 = Debug|Any CPU
		{E6F830D4-176F-4607-A926-0C83C6D2BB6F}.Debug|x64.Deploy.0 = Debug|Any CPU
		{E6F830D4-176F-4607-A926-0C83C6D2BB6F}.Debug|x86.ActiveCfg = Debug|Any CPU
		{E6F830D4-176F-4607-A926-0C83C6D2BB6F}.Debug|x86.Build.0 = Debug|Any CPU
		{E6F830D4-176F-4607-A926-0C83C6D2BB6F}.Debug|x86.Deploy.0 = Debug|Any CPU
		{E6F830D4-176F-4607-A926-0C83C6D2BB6F}.Release|Any CPU.ActiveCfg = Release|Any CPU
		{E6F830D4-176F-4607-A926-0C83C6D2BB6F}.Release|Any CPU.Build.0 = Release|Any CPU
		{E6F830D4-176F-4607-A926-0C83C6D2BB6F}.Release|Any CPU.Deploy.0 = Release|Any CPU
		{E6F830D4-176F-4607-A926-0C83C6D2BB6F}.Release|ARM.ActiveCfg = Release|Any CPU
		{E6F830D4-176F-4607-A926-0C83C6D2BB6F}.Release|ARM.Build.0 = Release|Any CPU
		{E6F830D4-176F-4607-A926-0C83C6D2BB6F}.Release|ARM.Deploy.0 = Release|Any CPU
		{E6F830D4-176F-4607-A926-0C83C6D2BB6F}.Release|iPhone.ActiveCfg = Release|Any CPU
		{E6F830D4-176F-4607-A926-0C83C6D2BB6F}.Release|iPhone.Build.0 = Release|Any CPU
		{E6F830D4-176F-4607-A926-0C83C6D2BB6F}.Release|iPhone.Deploy.0 = Release|Any CPU
		{E6F830D4-176F-4607-A926-0C83C6D2BB6F}.Release|iPhoneSimulator.ActiveCfg = Release|Any CPU
		{E6F830D4-176F-4607-A926-0C83C6D2BB6F}.Release|iPhoneSimulator.Build.0 = Release|Any CPU
		{E6F830D4-176F-4607-A926-0C83C6D2BB6F}.Release|iPhoneSimulator.Deploy.0 = Release|Any CPU
		{E6F830D4-176F-4607-A926-0C83C6D2BB6F}.Release|x64.ActiveCfg = Release|Any CPU
		{E6F830D4-176F-4607-A926-0C83C6D2BB6F}.Release|x64.Build.0 = Release|Any CPU
		{E6F830D4-176F-4607-A926-0C83C6D2BB6F}.Release|x64.Deploy.0 = Release|Any CPU
		{E6F830D4-176F-4607-A926-0C83C6D2BB6F}.Release|x86.ActiveCfg = Release|Any CPU
		{E6F830D4-176F-4607-A926-0C83C6D2BB6F}.Release|x86.Build.0 = Release|Any CPU
		{E6F830D4-176F-4607-A926-0C83C6D2BB6F}.Release|x86.Deploy.0 = Release|Any CPU
		{0CF9A888-C396-4A89-B331-60B43CBBBE05}.Debug|Any CPU.ActiveCfg = Debug|iPhoneSimulator
		{0CF9A888-C396-4A89-B331-60B43CBBBE05}.Debug|Any CPU.Build.0 = Debug|iPhoneSimulator
		{0CF9A888-C396-4A89-B331-60B43CBBBE05}.Debug|Any CPU.Deploy.0 = Debug|iPhoneSimulator
		{0CF9A888-C396-4A89-B331-60B43CBBBE05}.Debug|ARM.ActiveCfg = Debug|iPhoneSimulator
		{0CF9A888-C396-4A89-B331-60B43CBBBE05}.Debug|ARM.Build.0 = Debug|iPhoneSimulator
		{0CF9A888-C396-4A89-B331-60B43CBBBE05}.Debug|ARM.Deploy.0 = Debug|iPhoneSimulator
		{0CF9A888-C396-4A89-B331-60B43CBBBE05}.Debug|iPhone.ActiveCfg = Debug|iPhone
		{0CF9A888-C396-4A89-B331-60B43CBBBE05}.Debug|iPhone.Build.0 = Debug|iPhone
		{0CF9A888-C396-4A89-B331-60B43CBBBE05}.Debug|iPhone.Deploy.0 = Debug|iPhone
		{0CF9A888-C396-4A89-B331-60B43CBBBE05}.Debug|iPhoneSimulator.ActiveCfg = Debug|iPhoneSimulator
		{0CF9A888-C396-4A89-B331-60B43CBBBE05}.Debug|iPhoneSimulator.Build.0 = Debug|iPhoneSimulator
		{0CF9A888-C396-4A89-B331-60B43CBBBE05}.Debug|iPhoneSimulator.Deploy.0 = Debug|iPhoneSimulator
		{0CF9A888-C396-4A89-B331-60B43CBBBE05}.Debug|x64.ActiveCfg = Debug|iPhone
		{0CF9A888-C396-4A89-B331-60B43CBBBE05}.Debug|x64.Build.0 = Debug|iPhone
		{0CF9A888-C396-4A89-B331-60B43CBBBE05}.Debug|x64.Deploy.0 = Debug|iPhone
		{0CF9A888-C396-4A89-B331-60B43CBBBE05}.Debug|x86.ActiveCfg = Debug|iPhoneSimulator
		{0CF9A888-C396-4A89-B331-60B43CBBBE05}.Debug|x86.Build.0 = Debug|iPhoneSimulator
		{0CF9A888-C396-4A89-B331-60B43CBBBE05}.Debug|x86.Deploy.0 = Debug|iPhoneSimulator
		{0CF9A888-C396-4A89-B331-60B43CBBBE05}.Release|Any CPU.ActiveCfg = Release|iPhoneSimulator
		{0CF9A888-C396-4A89-B331-60B43CBBBE05}.Release|Any CPU.Build.0 = Release|iPhoneSimulator
		{0CF9A888-C396-4A89-B331-60B43CBBBE05}.Release|Any CPU.Deploy.0 = Release|iPhoneSimulator
		{0CF9A888-C396-4A89-B331-60B43CBBBE05}.Release|ARM.ActiveCfg = Release|iPhoneSimulator
		{0CF9A888-C396-4A89-B331-60B43CBBBE05}.Release|ARM.Build.0 = Release|iPhoneSimulator
		{0CF9A888-C396-4A89-B331-60B43CBBBE05}.Release|ARM.Deploy.0 = Release|iPhoneSimulator
		{0CF9A888-C396-4A89-B331-60B43CBBBE05}.Release|iPhone.ActiveCfg = Release|iPhone
		{0CF9A888-C396-4A89-B331-60B43CBBBE05}.Release|iPhone.Build.0 = Release|iPhone
		{0CF9A888-C396-4A89-B331-60B43CBBBE05}.Release|iPhone.Deploy.0 = Release|iPhone
		{0CF9A888-C396-4A89-B331-60B43CBBBE05}.Release|iPhoneSimulator.ActiveCfg = Release|iPhoneSimulator
		{0CF9A888-C396-4A89-B331-60B43CBBBE05}.Release|iPhoneSimulator.Build.0 = Release|iPhoneSimulator
		{0CF9A888-C396-4A89-B331-60B43CBBBE05}.Release|iPhoneSimulator.Deploy.0 = Release|iPhoneSimulator
		{0CF9A888-C396-4A89-B331-60B43CBBBE05}.Release|x64.ActiveCfg = Release|iPhoneSimulator
		{0CF9A888-C396-4A89-B331-60B43CBBBE05}.Release|x64.Build.0 = Release|iPhoneSimulator
		{0CF9A888-C396-4A89-B331-60B43CBBBE05}.Release|x64.Deploy.0 = Release|iPhoneSimulator
		{0CF9A888-C396-4A89-B331-60B43CBBBE05}.Release|x86.ActiveCfg = Release|iPhoneSimulator
		{0CF9A888-C396-4A89-B331-60B43CBBBE05}.Release|x86.Build.0 = Release|iPhoneSimulator
		{0CF9A888-C396-4A89-B331-60B43CBBBE05}.Release|x86.Deploy.0 = Release|iPhoneSimulator
		{52378224-D271-4BD5-A2A2-CCD0FB51FEAE}.Debug|Any CPU.ActiveCfg = Debug|Any CPU
		{52378224-D271-4BD5-A2A2-CCD0FB51FEAE}.Debug|Any CPU.Build.0 = Debug|Any CPU
		{52378224-D271-4BD5-A2A2-CCD0FB51FEAE}.Debug|Any CPU.Deploy.0 = Debug|Any CPU
		{52378224-D271-4BD5-A2A2-CCD0FB51FEAE}.Debug|ARM.ActiveCfg = Debug|Any CPU
		{52378224-D271-4BD5-A2A2-CCD0FB51FEAE}.Debug|ARM.Build.0 = Debug|Any CPU
		{52378224-D271-4BD5-A2A2-CCD0FB51FEAE}.Debug|ARM.Deploy.0 = Debug|Any CPU
		{52378224-D271-4BD5-A2A2-CCD0FB51FEAE}.Debug|iPhone.ActiveCfg = Debug|Any CPU
		{52378224-D271-4BD5-A2A2-CCD0FB51FEAE}.Debug|iPhone.Build.0 = Debug|Any CPU
		{52378224-D271-4BD5-A2A2-CCD0FB51FEAE}.Debug|iPhone.Deploy.0 = Debug|Any CPU
		{52378224-D271-4BD5-A2A2-CCD0FB51FEAE}.Debug|iPhoneSimulator.ActiveCfg = Debug|Any CPU
		{52378224-D271-4BD5-A2A2-CCD0FB51FEAE}.Debug|iPhoneSimulator.Build.0 = Debug|Any CPU
		{52378224-D271-4BD5-A2A2-CCD0FB51FEAE}.Debug|iPhoneSimulator.Deploy.0 = Debug|Any CPU
		{52378224-D271-4BD5-A2A2-CCD0FB51FEAE}.Debug|x64.ActiveCfg = Debug|Any CPU
		{52378224-D271-4BD5-A2A2-CCD0FB51FEAE}.Debug|x64.Build.0 = Debug|Any CPU
		{52378224-D271-4BD5-A2A2-CCD0FB51FEAE}.Debug|x64.Deploy.0 = Debug|Any CPU
		{52378224-D271-4BD5-A2A2-CCD0FB51FEAE}.Debug|x86.ActiveCfg = Debug|Any CPU
		{52378224-D271-4BD5-A2A2-CCD0FB51FEAE}.Debug|x86.Build.0 = Debug|Any CPU
		{52378224-D271-4BD5-A2A2-CCD0FB51FEAE}.Debug|x86.Deploy.0 = Debug|Any CPU
		{52378224-D271-4BD5-A2A2-CCD0FB51FEAE}.Release|Any CPU.ActiveCfg = Release|Any CPU
		{52378224-D271-4BD5-A2A2-CCD0FB51FEAE}.Release|Any CPU.Build.0 = Release|Any CPU
		{52378224-D271-4BD5-A2A2-CCD0FB51FEAE}.Release|Any CPU.Deploy.0 = Release|Any CPU
		{52378224-D271-4BD5-A2A2-CCD0FB51FEAE}.Release|ARM.ActiveCfg = Release|Any CPU
		{52378224-D271-4BD5-A2A2-CCD0FB51FEAE}.Release|ARM.Build.0 = Release|Any CPU
		{52378224-D271-4BD5-A2A2-CCD0FB51FEAE}.Release|ARM.Deploy.0 = Release|Any CPU
		{52378224-D271-4BD5-A2A2-CCD0FB51FEAE}.Release|iPhone.ActiveCfg = Release|Any CPU
		{52378224-D271-4BD5-A2A2-CCD0FB51FEAE}.Release|iPhone.Build.0 = Release|Any CPU
		{52378224-D271-4BD5-A2A2-CCD0FB51FEAE}.Release|iPhone.Deploy.0 = Release|Any CPU
		{52378224-D271-4BD5-A2A2-CCD0FB51FEAE}.Release|iPhoneSimulator.ActiveCfg = Release|Any CPU
		{52378224-D271-4BD5-A2A2-CCD0FB51FEAE}.Release|iPhoneSimulator.Build.0 = Release|Any CPU
		{52378224-D271-4BD5-A2A2-CCD0FB51FEAE}.Release|iPhoneSimulator.Deploy.0 = Release|Any CPU
		{52378224-D271-4BD5-A2A2-CCD0FB51FEAE}.Release|x64.ActiveCfg = Release|Any CPU
		{52378224-D271-4BD5-A2A2-CCD0FB51FEAE}.Release|x64.Build.0 = Release|Any CPU
		{52378224-D271-4BD5-A2A2-CCD0FB51FEAE}.Release|x64.Deploy.0 = Release|Any CPU
		{52378224-D271-4BD5-A2A2-CCD0FB51FEAE}.Release|x86.ActiveCfg = Release|Any CPU
		{52378224-D271-4BD5-A2A2-CCD0FB51FEAE}.Release|x86.Build.0 = Release|Any CPU
		{52378224-D271-4BD5-A2A2-CCD0FB51FEAE}.Release|x86.Deploy.0 = Release|Any CPU
	EndGlobalSection
	GlobalSection(SolutionProperties) = preSolution
		HideSolutionNode = FALSE
	EndGlobalSection
	GlobalSection(ExtensibilityGlobals) = postSolution
		SolutionGuid = {0FA6C504-C1A7-4CA8-A8C9-BBC647C0D40C}
	EndGlobalSection
EndGlobal
